
Microsoft Visual Studio Solution File, Format Version 12.00
# Visual Studio 15
VisualStudioVersion = 15.0.28307.489
MinimumVisualStudioVersion = 10.0.40219.1
Project("{F2A71F9B-5D33-465A-A702-920D77279786}") = "XamarinFSharp", "XamarinFSharp\XamarinFSharp.fsproj", "{3AACB169-28C7-4283-87CA-C46998A11F58}"
EndProject
Project("{F2A71F9B-5D33-465A-A702-920D77279786}") = "XamarinFSharp.Droid", "XamarinFSharp.Droid\XamarinFSharp.Droid.fsproj", "{C73B3851-605E-4545-81FC-C5240132E694}"
EndProject
Global
	GlobalSection(SolutionConfigurationPlatforms) = preSolution
		Debug|Any CPU = Debug|Any CPU
		Release|Any CPU = Release|Any CPU
	EndGlobalSection
	GlobalSection(ProjectConfigurationPlatforms) = postSolution
		{3AACB169-28C7-4283-87CA-C46998A11F58}.Debug|Any CPU.ActiveCfg = Debug|Any CPU
		{3AACB169-28C7-4283-87CA-C46998A11F58}.Debug|Any CPU.Build.0 = Debug|Any CPU
		{3AACB169-28C7-4283-87CA-C46998A11F58}.Release|Any CPU.ActiveCfg = Release|Any CPU
		{3AACB169-28C7-4283-87CA-C46998A11F58}.Release|Any CPU.Build.0 = Release|Any CPU
		{C73B3851-605E-4545-81FC-C5240132E694}.Debug|Any CPU.ActiveCfg = Debug|Any CPU
		{C73B3851-605E-4545-81FC-C5240132E694}.Debug|Any CPU.Build.0 = Debug|Any CPU
		{C73B3851-605E-4545-81FC-C5240132E694}.Debug|Any CPU.Deploy.0 = Debug|Any CPU
		{C73B3851-605E-4545-81FC-C5240132E694}.Release|Any CPU.ActiveCfg = Release|Any CPU
		{C73B3851-605E-4545-81FC-C5240132E694}.Release|Any CPU.Build.0 = Release|Any CPU
		{C73B3851-605E-4545-81FC-C5240132E694}.Release|Any CPU.Deploy.0 = Release|Any CPU
	EndGlobalSection
	GlobalSection(SolutionProperties) = preSolution
		HideSolutionNode = FALSE
	EndGlobalSection
	GlobalSection(ExtensibilityGlobals) = postSolution
		SolutionGuid = {8811C23B-DE06-4C86-82E6-83C5473F0332}
	EndGlobalSection
EndGlobal
